
Microsoft Visual Studio Solution File, Format Version 12.00
# Visual Studio Version 17
VisualStudioVersion = 17.2.32505.173
MinimumVisualStudioVersion = 10.0.40219.1
Project("{FAE04EC0-301F-11D3-BF4B-00C04F79EFBC}") = "EntityFrameworkExample", "EntityFrameworkExample\EntityFrameworkExample.csproj", "{712F5C92-251E-4192-9499-4D588E925CDE}"
EndProject
Global
	GlobalSection(SolutionConfigurationPlatforms) = preSolution
		Debug|Any CPU = Debug|Any CPU
		Release|Any CPU = Release|Any CPU
	EndGlobalSection
	GlobalSection(ProjectConfigurationPlatforms) = postSolution
		{712F5C92-251E-4192-9499-4D588E925CDE}.Debug|Any CPU.ActiveCfg = Debug|Any CPU
		{712F5C92-251E-4192-9499-4D588E925CDE}.Debug|Any CPU.Build.0 = Debug|Any CPU
		{712F5C92-251E-4192-9499-4D588E925CDE}.Release|Any CPU.ActiveCfg = Release|Any CPU
		{712F5C92-251E-4192-9499-4D588E925CDE}.Release|Any CPU.Build.0 = Release|Any CPU
	EndGlobalSection
	GlobalSection(SolutionProperties) = preSolution
		HideSolutionNode = FALSE
	EndGlobalSection
	GlobalSection(ExtensibilityGlobals) = postSolution
		SolutionGuid = {5C5EEC67-013B-48FF-B2AC-1480395C3FCF}
	EndGlobalSection
EndGlobal
